<?xml version="1.0" encoding="utf-8"?>
<Project ToolsVersion="4.0" xmlns="http://schemas.microsoft.com/developer/msbuild/2003">
  <ItemGroup>
    <Filter Include="ソース ファイル">
      <UniqueIdentifier>{4FC737F1-C7A5-4376-A066-2A32D752A2FF}</UniqueIdentifier>
      <Extensions>cpp;c;cc;cxx;def;odl;idl;hpj;bat;asm;asmx</Extensions>
    </Filter>
    <Filter Include="ヘッダー ファイル">
      <UniqueIdentifier>{93995380-89BD-4b04-88EB-625FBE52EBFB}</UniqueIdentifier>
      <Extensions>h;hh;hpp;hxx;hm;inl;inc;ipp;xsd</Extensions>
    </Filter>
    <Filter Include="リソース ファイル">
      <UniqueIdentifier>{67DA6AB6-F800-4c08-8B7A-83BB121AAD01}</UniqueIdentifier>
      <Extensions>rc;ico;cur;bmp;dlg;rc2;rct;bin;rgs;gif;jpg;jpeg;jpe;resx;tiff;tif;png;wav;mfcribbon-ms</Extensions>
    </Filter>
    <Filter Include="ソース ファイル\MSLib">
      <UniqueIdentifier>{e6fb715a-c500-4210-8bf5-eec6fa5a6523}</UniqueIdentifier>
    </Filter>
    <Filter Include="ソース ファイル\MSLib\Application">
      <UniqueIdentifier>{654edf26-1bfc-4465-8070-b165b1b2f953}</UniqueIdentifier>
    </Filter>
    <Filter Include="ソース ファイル\MSLib\Screen">
      <UniqueIdentifier>{52f4c4be-9287-4c2b-beeb-803c8e183edc}</UniqueIdentifier>
    </Filter>
    <Filter Include="ソース ファイル\MSLib\DirectX">
      <UniqueIdentifier>{501a3b05-e6dc-4691-8148-b4d8a9ca67cb}</UniqueIdentifier>
    </Filter>
    <Filter Include="ソース ファイル\MSLib\DirectX\Ver12">
      <UniqueIdentifier>{f6a45e5c-a697-42a1-a46b-b8e32ff99df7}</UniqueIdentifier>
    </Filter>
    <Filter Include="ソース ファイル\MSLib\Application\DirectX">
      <UniqueIdentifier>{e0c76c9a-5581-45d4-8780-d9a741c23ba0}</UniqueIdentifier>
    </Filter>
    <Filter Include="ソース ファイル\MSLib\Time">
      <UniqueIdentifier>{c31e25b1-4c9e-4f0e-9cde-eb5426e923bc}</UniqueIdentifier>
    </Filter>
    <Filter Include="ソース ファイル\MSLib\Mesh">
      <UniqueIdentifier>{7c3e8478-fdf9-483a-8adf-85b2121554ff}</UniqueIdentifier>
    </Filter>
    <Filter Include="ソース ファイル\MSLib\Mesh\Quad">
      <UniqueIdentifier>{0853685c-f61d-43d9-bab4-1c4e1f5a89d2}</UniqueIdentifier>
    </Filter>
    <Filter Include="ソース ファイル\MSLib\Shader">
      <UniqueIdentifier>{b213df9b-49a8-4b65-911d-6311429b52bb}</UniqueIdentifier>
    </Filter>
    <Filter Include="ソース ファイル\MSLib\Math">
      <UniqueIdentifier>{201f8fba-0505-4e60-ac99-3e13336e7b7e}</UniqueIdentifier>
    </Filter>
    <Filter Include="ソース ファイル\MSLib\Math\Vector">
      <UniqueIdentifier>{2403dc15-1621-4698-a152-b3be0402fd5e}</UniqueIdentifier>
    </Filter>
    <Filter Include="ソース ファイル\MSLib\Math\Vector\Vector2">
      <UniqueIdentifier>{0af01981-3d39-4349-aa25-3348640f7a85}</UniqueIdentifier>
    </Filter>
    <Filter Include="ソース ファイル\MSLib\Math\Vector\Vector3">
      <UniqueIdentifier>{1cd9984d-3515-4a89-b277-708ef5a1a8a2}</UniqueIdentifier>
    </Filter>
    <Filter Include="ソース ファイル\MSLib\Math\Vector\Vector4">
      <UniqueIdentifier>{ca763378-a22d-4191-a0ee-08dc086875d1}</UniqueIdentifier>
    </Filter>
    <Filter Include="ソース ファイル\MSLib\Math\Matrix">
      <UniqueIdentifier>{99500352-cf7b-4931-bbaf-78c4d042618b}</UniqueIdentifier>
    </Filter>
    <Filter Include="ソース ファイル\MSLib\Transform">
      <UniqueIdentifier>{e81e8541-3df3-44e3-8cf0-55d2bf895078}</UniqueIdentifier>
    </Filter>
    <Filter Include="ソース ファイル\MSLib\Math\Functions">
      <UniqueIdentifier>{82bdada4-48a0-4658-a48b-d9231414c88b}</UniqueIdentifier>
    </Filter>
    <Filter Include="ソース ファイル\MSLib\Math\Quaternion">
      <UniqueIdentifier>{500ea12b-1592-4482-81ec-d960bc079046}</UniqueIdentifier>
    </Filter>
    <Filter Include="ソース ファイル\MSLib\Camera">
      <UniqueIdentifier>{03a05bea-81fd-4b4a-b076-e8cab23520c1}</UniqueIdentifier>
    </Filter>
    <Filter Include="ソース ファイル\MSLib\Singleton">
      <UniqueIdentifier>{44c48b9c-a3b7-4c46-8e9c-7891831dde76}</UniqueIdentifier>
    </Filter>
    <Filter Include="ソース ファイル\MSLib\Light">
      <UniqueIdentifier>{3a1ca97a-4b8a-418c-9107-410a7f182e48}</UniqueIdentifier>
    </Filter>
  </ItemGroup>
  <ItemGroup>
    <ClCompile Include="sorce\MSLib\Application\ApplicationBase.cpp">
      <Filter>ソース ファイル\MSLib\Application</Filter>
    </ClCompile>
    <ClCompile Include="sorce\MSLib\Screen\Screen.cpp">
      <Filter>ソース ファイル\MSLib\Screen</Filter>
    </ClCompile>
    <ClCompile Include="sorce\MSLib\DirectX\DXBase.cpp">
      <Filter>ソース ファイル\MSLib\DirectX</Filter>
    </ClCompile>
    <ClCompile Include="sorce\MSLib\DirectX\Ver12\DX12Base.cpp">
      <Filter>ソース ファイル\MSLib\DirectX\Ver12</Filter>
    </ClCompile>
    <ClCompile Include="sorce\MSLib\Application\DXApplication.cpp">
      <Filter>ソース ファイル\MSLib\Application\DirectX</Filter>
    </ClCompile>
    <ClCompile Include="sorce\main.cpp">
      <Filter>ソース ファイル</Filter>
    </ClCompile>
    <ClCompile Include="sorce\MSLib\Time\Time.cpp">
      <Filter>ソース ファイル\MSLib\Time</Filter>
    </ClCompile>
    <ClCompile Include="sorce\MSLib\Mesh\Quad\Quad.cpp">
      <Filter>ソース ファイル\MSLib\Mesh\Quad</Filter>
    </ClCompile>
    <ClCompile Include="sorce\MSLib\Math\Vector\Vector2.cpp">
      <Filter>ソース ファイル\MSLib\Math\Vector\Vector2</Filter>
    </ClCompile>
    <ClCompile Include="sorce\MSLib\Math\Vector\Vector3.cpp">
      <Filter>ソース ファイル\MSLib\Math\Vector\Vector3</Filter>
    </ClCompile>
    <ClCompile Include="sorce\MSLib\Math\Vector\Vector4.cpp">
      <Filter>ソース ファイル\MSLib\Math\Vector\Vector4</Filter>
    </ClCompile>
    <ClCompile Include="sorce\MSLib\Math\Matrix\Matrix4x4.cpp">
      <Filter>ソース ファイル\MSLib\Math\Matrix</Filter>
    </ClCompile>
    <ClCompile Include="sorce\MSLib\Transform\Transform.cpp">
      <Filter>ソース ファイル\MSLib\Transform</Filter>
    </ClCompile>
    <ClCompile Include="sorce\MSLib\Math\MathFunctions\MathFunctions.cpp">
      <Filter>ソース ファイル\MSLib\Math\Functions</Filter>
    </ClCompile>
    <ClCompile Include="sorce\MSLib\Math\Quaternion\Quaternion.cpp">
      <Filter>ソース ファイル\MSLib\Math\Quaternion</Filter>
    </ClCompile>
    <ClCompile Include="sorce\MSLib\Camera\Camera.cpp">
      <Filter>ソース ファイル\MSLib\Camera</Filter>
    </ClCompile>
    <ClCompile Include="sorce\MSLib\Camera\CameraManager.cpp">
      <Filter>ソース ファイル\MSLib\Camera</Filter>
    </ClCompile>
    <ClCompile Include="sorce\MSLib\Light\Light.cpp">
      <Filter>ソース ファイル\MSLib\Light</Filter>
    </ClCompile>
    <ClCompile Include="sorce\MSLib\Light\LightManager.cpp">
      <Filter>ソース ファイル\MSLib\Light</Filter>
    </ClCompile>
  </ItemGroup>
  <ItemGroup>
    <ClInclude Include="sorce\MSLib\Application\ApplicationBase.h">
      <Filter>ソース ファイル\MSLib\Application</Filter>
    </ClInclude>
    <ClInclude Include="sorce\MSLib\Screen\Screen.h">
      <Filter>ソース ファイル\MSLib\Screen</Filter>
    </ClInclude>
    <ClInclude Include="sorce\MSLib\DirectX\DXBase.h">
      <Filter>ソース ファイル\MSLib\DirectX</Filter>
    </ClInclude>
    <ClInclude Include="sorce\MSLib\DirectX\Ver12\DX12Base.h">
      <Filter>ソース ファイル\MSLib\DirectX\Ver12</Filter>
    </ClInclude>
    <ClInclude Include="sorce\MSLib\Application\DXApplication.h">
      <Filter>ソース ファイル\MSLib\Application\DirectX</Filter>
    </ClInclude>
    <ClInclude Include="sorce\MSLib\Time\Time.h">
      <Filter>ソース ファイル\MSLib\Time</Filter>
    </ClInclude>
    <ClInclude Include="sorce\MSLib\Mesh\Quad\Quad.h">
      <Filter>ソース ファイル\MSLib\Mesh\Quad</Filter>
    </ClInclude>
    <ClInclude Include="sorce\MSLib\Math\Vector\Vector2.h">
      <Filter>ソース ファイル\MSLib\Math\Vector\Vector2</Filter>
    </ClInclude>
    <ClInclude Include="sorce\MSLib\Math\Vector\Vector3.h">
      <Filter>ソース ファイル\MSLib\Math\Vector\Vector3</Filter>
    </ClInclude>
    <ClInclude Include="sorce\MSLib\Math\Vector\Vector4.h">
      <Filter>ソース ファイル\MSLib\Math\Vector\Vector4</Filter>
    </ClInclude>
    <ClInclude Include="sorce\MSLib\Math\Matrix\Matrix4x4.h">
      <Filter>ソース ファイル\MSLib\Math\Matrix</Filter>
    </ClInclude>
    <ClInclude Include="sorce\MSLib\Transform\Transform.h">
      <Filter>ソース ファイル\MSLib\Transform</Filter>
    </ClInclude>
    <ClInclude Include="sorce\MSLib\Math\Math.h">
      <Filter>ソース ファイル\MSLib\Math</Filter>
    </ClInclude>
    <ClInclude Include="sorce\MSLib\Math\MathFunctions\MathFunctions.h">
      <Filter>ソース ファイル\MSLib\Math\Functions</Filter>
    </ClInclude>
    <ClInclude Include="sorce\MSLib\Math\MathDefine.h">
      <Filter>ソース ファイル\MSLib\Math</Filter>
    </ClInclude>
    <ClInclude Include="sorce\MSLib\Math\Quaternion\Quaternion.h">
      <Filter>ソース ファイル\MSLib\Math\Quaternion</Filter>
    </ClInclude>
    <ClInclude Include="sorce\MSLib\Camera\Camera.h">
      <Filter>ソース ファイル\MSLib\Camera</Filter>
    </ClInclude>
    <ClInclude Include="sorce\MSLib\Camera\CameraManager.h">
      <Filter>ソース ファイル\MSLib\Camera</Filter>
    </ClInclude>
    <ClInclude Include="sorce\MSLib\Singleton\Singleton.h">
      <Filter>ソース ファイル\MSLib\Singleton</Filter>
    </ClInclude>
    <ClInclude Include="sorce\MSLib\Light\Light.h">
      <Filter>ソース ファイル\MSLib\Light</Filter>
    </ClInclude>
    <ClInclude Include="sorce\MSLib\Light\LightManager.h">
      <Filter>ソース ファイル\MSLib\Light</Filter>
    </ClInclude>
  </ItemGroup>
  <ItemGroup>
    <None Include="sorce\MSLib\Shader\SimpleVS.hlsl">
      <Filter>ソース ファイル\MSLib\Shader</Filter>
    </None>
    <None Include="sorce\MSLib\Shader\SimplePS.hlsl">
      <Filter>ソース ファイル\MSLib\Shader</Filter>
    </None>
    <None Include="sorce\MSLib\Shader\SimpleDef.inc">
      <Filter>ソース ファイル\MSLib\Shader</Filter>
    </None>
  </ItemGroup>
</Project>