<?xml version="1.0" encoding="utf-8"?>
<Project ToolsVersion="4.0" xmlns="http://schemas.microsoft.com/developer/msbuild/2003">
  <ItemGroup>
    <Filter Include="ソース ファイル">
      <UniqueIdentifier>{4FC737F1-C7A5-4376-A066-2A32D752A2FF}</UniqueIdentifier>
      <Extensions>cpp;c;cc;cxx;def;odl;idl;hpj;bat;asm;asmx</Extensions>
    </Filter>
    <Filter Include="ヘッダー ファイル">
      <UniqueIdentifier>{93995380-89BD-4b04-88EB-625FBE52EBFB}</UniqueIdentifier>
      <Extensions>h;hh;hpp;hxx;hm;inl;inc;ipp;xsd</Extensions>
    </Filter>
    <Filter Include="リソース ファイル">
      <UniqueIdentifier>{67DA6AB6-F800-4c08-8B7A-83BB121AAD01}</UniqueIdentifier>
      <Extensions>rc;ico;cur;bmp;dlg;rc2;rct;bin;rgs;gif;jpg;jpeg;jpe;resx;tiff;tif;png;wav;mfcribbon-ms</Extensions>
    </Filter>
    <Filter Include="ソース ファイル\MSLib">
      <UniqueIdentifier>{e6fb715a-c500-4210-8bf5-eec6fa5a6523}</UniqueIdentifier>
    </Filter>
    <Filter Include="ソース ファイル\MSLib\Application">
      <UniqueIdentifier>{654edf26-1bfc-4465-8070-b165b1b2f953}</UniqueIdentifier>
    </Filter>
    <Filter Include="ソース ファイル\MSLib\Screen">
      <UniqueIdentifier>{52f4c4be-9287-4c2b-beeb-803c8e183edc}</UniqueIdentifier>
    </Filter>
    <Filter Include="ソース ファイル\MSLib\DirectX">
      <UniqueIdentifier>{501a3b05-e6dc-4691-8148-b4d8a9ca67cb}</UniqueIdentifier>
    </Filter>
    <Filter Include="ソース ファイル\MSLib\DirectX\Ver12">
      <UniqueIdentifier>{f6a45e5c-a697-42a1-a46b-b8e32ff99df7}</UniqueIdentifier>
    </Filter>
    <Filter Include="ソース ファイル\MSLib\Application\DirectX">
      <UniqueIdentifier>{e0c76c9a-5581-45d4-8780-d9a741c23ba0}</UniqueIdentifier>
    </Filter>
    <Filter Include="ソース ファイル\MSLib\Time">
      <UniqueIdentifier>{c31e25b1-4c9e-4f0e-9cde-eb5426e923bc}</UniqueIdentifier>
    </Filter>
  </ItemGroup>
  <ItemGroup>
    <ClCompile Include="sorce\MSLib\Application\ApplicationBase.cpp">
      <Filter>ソース ファイル\MSLib\Application</Filter>
    </ClCompile>
    <ClCompile Include="sorce\MSLib\Screen\Screen.cpp">
      <Filter>ソース ファイル\MSLib\Screen</Filter>
    </ClCompile>
    <ClCompile Include="sorce\MSLib\DirectX\DXBase.cpp">
      <Filter>ソース ファイル\MSLib\DirectX</Filter>
    </ClCompile>
    <ClCompile Include="sorce\MSLib\DirectX\Ver12\DX12Base.cpp">
      <Filter>ソース ファイル\MSLib\DirectX\Ver12</Filter>
    </ClCompile>
    <ClCompile Include="sorce\MSLib\Application\DXApplication.cpp">
      <Filter>ソース ファイル\MSLib\Application\DirectX</Filter>
    </ClCompile>
    <ClCompile Include="sorce\main.cpp">
      <Filter>ソース ファイル</Filter>
    </ClCompile>
    <ClCompile Include="sorce\MSLib\Time\Time.cpp">
      <Filter>ソース ファイル\MSLib\Time</Filter>
    </ClCompile>
  </ItemGroup>
  <ItemGroup>
    <ClInclude Include="sorce\MSLib\Application\ApplicationBase.h">
      <Filter>ソース ファイル\MSLib\Application</Filter>
    </ClInclude>
    <ClInclude Include="sorce\MSLib\Screen\Screen.h">
      <Filter>ソース ファイル\MSLib\Screen</Filter>
    </ClInclude>
    <ClInclude Include="sorce\MSLib\DirectX\DXBase.h">
      <Filter>ソース ファイル\MSLib\DirectX</Filter>
    </ClInclude>
    <ClInclude Include="sorce\MSLib\DirectX\Ver12\DX12Base.h">
      <Filter>ソース ファイル\MSLib\DirectX\Ver12</Filter>
    </ClInclude>
    <ClInclude Include="sorce\MSLib\Application\DXApplication.h">
      <Filter>ソース ファイル\MSLib\Application\DirectX</Filter>
    </ClInclude>
    <ClInclude Include="sorce\MSLib\Time\Time.h">
      <Filter>ソース ファイル\MSLib\Time</Filter>
    </ClInclude>
  </ItemGroup>
</Project>